{
  "name": "exo.rp.core",
  "version": "0.0.0",
  "lockfileVersion": 1,
  "requires": true,
  "dependencies": {
    "@types/node": {
      "version": "8.10.58",
      "resolved": "https://registry.npmjs.org/@types/node/-/node-8.10.58.tgz",
      "integrity": "sha512-NNcUk/rAdR7Pie7WiA5NHp345dTkD62qaxqscQXVIjCjog/ZXsrG8Wo7dZMZAzE7PSpA+qR2S3TYTeFCKuBFxQ==",
      "dev": true
    },
    "typescript": {
      "version": "3.6.4",
      "resolved": "https://registry.npmjs.org/typescript/-/typescript-3.6.4.tgz",
      "integrity": "sha512-unoCll1+l+YK4i4F8f22TaNVPRHcD9PA3yCuZ8g5e0qGqlVlJ/8FSateOLLSagn+Yg5+ZwuPkL8LFUc0Jcvksg==",
      "dev": true
    }
  }
}
