{
  "name": "exo.rp.core",
  "version": "0.0.0",
  "lockfileVersion": 1,
  "requires": true,
  "dependencies": {
    "@altv/types-client": {
      "version": "1.1.0",
      "resolved": "https://registry.npmjs.org/@altv/types-client/-/types-client-1.1.0.tgz",
      "integrity": "sha512-YP2gTN6zzu+XGqnjyesLd6zOqxXkbjROY/b2HcUSnEImroxtG6asIXdTGQdg7kkUyPhFllNN5ZpkLdLyJhbrug==",
      "dev": true
    },
    "@altv/types-natives": {
      "version": "1.1.0",
      "resolved": "https://registry.npmjs.org/@altv/types-natives/-/types-natives-1.1.0.tgz",
      "integrity": "sha512-u198P4QRfoI9txOMDC8kx2qD/b3KoIRUG0IgAzy1d51OTePpbpJRf7RZf8iMRRvQOBEhfwSODDggsuwb4JcMaQ==",
      "dev": true
    },
    "@types/node": {
      "version": "8.10.58",
      "resolved": "https://registry.npmjs.org/@types/node/-/node-8.10.58.tgz",
      "integrity": "sha512-NNcUk/rAdR7Pie7WiA5NHp345dTkD62qaxqscQXVIjCjog/ZXsrG8Wo7dZMZAzE7PSpA+qR2S3TYTeFCKuBFxQ==",
      "dev": true
    },
    "typescript": {
      "version": "3.9.7",
      "resolved": "https://registry.npmjs.org/typescript/-/typescript-3.9.7.tgz",
      "integrity": "sha512-BLbiRkiBzAwsjut4x/dsibSTB6yWpwT5qWmC2OfuCg3GgVQCSgMs4vEctYPhsaGtd0AeuuHMkjZ2h2WG8MSzRw==",
      "dev": true
    }
  }
}
