
Microsoft Visual Studio Solution File, Format Version 12.00
# Visual Studio Version 16
VisualStudioVersion = 16.0.29009.5
MinimumVisualStudioVersion = 10.0.40219.1
Project("{9A19103F-16F7-4668-BE54-9A1E7A4F7556}") = "Exo.RP.Server", "server\Exo.RP.Server.csproj", "{C9EA3283-4B4C-4405-B324-87EDE569571B}"
EndProject
Global
	GlobalSection(SolutionConfigurationPlatforms) = preSolution
		Debug|Any CPU = Debug|Any CPU
		Release|Any CPU = Release|Any CPU
	EndGlobalSection
	GlobalSection(ProjectConfigurationPlatforms) = postSolution
		{C9EA3283-4B4C-4405-B324-87EDE569571B}.Debug|Any CPU.ActiveCfg = Debug|x64
		{C9EA3283-4B4C-4405-B324-87EDE569571B}.Release|Any CPU.ActiveCfg = Release|x64
	EndGlobalSection
	GlobalSection(SolutionProperties) = preSolution
		HideSolutionNode = FALSE
	EndGlobalSection
	GlobalSection(ExtensibilityGlobals) = postSolution
		SolutionGuid = {40E02E30-2CF7-4ED7-8A88-4F024ABC01B0}
	EndGlobalSection
EndGlobal
