
Microsoft Visual Studio Solution File, Format Version 12.00
# Visual Studio Version 16
VisualStudioVersion = 16.0.29009.5
MinimumVisualStudioVersion = 10.0.40219.1
Project("{FAE04EC0-301F-11D3-BF4B-00C04F79EFBC}") = "Server", "Server\Server.csproj", "{2589443A-20B8-437E-8CBF-88A187321435}"
EndProject
Global
	GlobalSection(SolutionConfigurationPlatforms) = preSolution
		Debug|Any CPU = Debug|Any CPU
		Release|Any CPU = Release|Any CPU
	EndGlobalSection
	GlobalSection(ProjectConfigurationPlatforms) = postSolution
		{2589443A-20B8-437E-8CBF-88A187321435}.Debug|Any CPU.ActiveCfg = Debug|Any CPU
		{2589443A-20B8-437E-8CBF-88A187321435}.Debug|Any CPU.Build.0 = Debug|Any CPU
		{2589443A-20B8-437E-8CBF-88A187321435}.Release|Any CPU.ActiveCfg = Release|Any CPU
		{2589443A-20B8-437E-8CBF-88A187321435}.Release|Any CPU.Build.0 = Release|Any CPU
	EndGlobalSection
	GlobalSection(SolutionProperties) = preSolution
		HideSolutionNode = FALSE
	EndGlobalSection
	GlobalSection(ExtensibilityGlobals) = postSolution
		SolutionGuid = {40E02E30-2CF7-4ED7-8A88-4F024ABC01B0}
	EndGlobalSection
EndGlobal
